# This file was autogenerated by Stack.
# You should not edit this file by hand.
# For more information, please see the documentation at:
#   https://docs.haskellstack.org/en/stable/lock_files

packages:
- completed:
    hackage: servant-options-0.1.0.0@sha256:39f50166a68006250e79370372f553ca476f14d06d93fa0c401050253aeba803,914
    pantry-tree:
      size: 293
      sha256: 7812baf1b27c62068ba634207fbd7077b886424d666b36739a78c6d4008a1fd4
  original:
    hackage: servant-options-0.1.0.0@sha256:39f50166a68006250e79370372f553ca476f14d06d93fa0c401050253aeba803,914
- completed:
    hackage: command-0.1.1@sha256:5232b98c195bc3b8a6f35c55ccd2fa424abe355ca54cfcd836bbe7e494834773,1110
    pantry-tree:
      size: 167
      sha256: 1ecfeb4b1367de6b489dbda20be05df78beb07f71d7c0b1f471fab1cd9c8044a
  original:
    hackage: command-0.1.1@sha256:5232b98c195bc3b8a6f35c55ccd2fa424abe355ca54cfcd836bbe7e494834773,1110
snapshots:
- completed:
    size: 532380
    url: https://raw.githubusercontent.com/commercialhaskell/stackage-snapshots/master/lts/16/9.yaml
    sha256: 14a7cec114424e4286adde73364438927a553ed248cc50f069a30a67e3ee1e69
  original: lts-16.9
